
Microsoft Visual Studio Solution File, Format Version 12.00
# Blend for Visual Studio 15
VisualStudioVersion = 15.0.27428.2015
MinimumVisualStudioVersion = 10.0.40219.1
Project("{FAE04EC0-301F-11D3-BF4B-00C04F79EFBC}") = "CometChar", "CometChar\CometChar.csproj", "{47C5D970-C3CA-4B1D-8EF3-B0BE8F3CDD4E}"
EndProject
Project("{FAE04EC0-301F-11D3-BF4B-00C04F79EFBC}") = "CometCharGUI", "CometCharGUI\CometCharGUI.csproj", "{524DDA95-3BF8-4B91-999C-B93849F2F813}"
EndProject
Global
	GlobalSection(SolutionConfigurationPlatforms) = preSolution
		Debug|Any CPU = Debug|Any CPU
		Release|Any CPU = Release|Any CPU
	EndGlobalSection
	GlobalSection(ProjectConfigurationPlatforms) = postSolution
		{47C5D970-C3CA-4B1D-8EF3-B0BE8F3CDD4E}.Debug|Any CPU.ActiveCfg = Debug|Any CPU
		{47C5D970-C3CA-4B1D-8EF3-B0BE8F3CDD4E}.Debug|Any CPU.Build.0 = Debug|Any CPU
		{47C5D970-C3CA-4B1D-8EF3-B0BE8F3CDD4E}.Release|Any CPU.ActiveCfg = Release|Any CPU
		{47C5D970-C3CA-4B1D-8EF3-B0BE8F3CDD4E}.Release|Any CPU.Build.0 = Release|Any CPU
		{524DDA95-3BF8-4B91-999C-B93849F2F813}.Debug|Any CPU.ActiveCfg = Debug|Any CPU
		{524DDA95-3BF8-4B91-999C-B93849F2F813}.Debug|Any CPU.Build.0 = Debug|Any CPU
		{524DDA95-3BF8-4B91-999C-B93849F2F813}.Release|Any CPU.ActiveCfg = Release|Any CPU
		{524DDA95-3BF8-4B91-999C-B93849F2F813}.Release|Any CPU.Build.0 = Release|Any CPU
	EndGlobalSection
	GlobalSection(SolutionProperties) = preSolution
		HideSolutionNode = FALSE
	EndGlobalSection
	GlobalSection(ExtensibilityGlobals) = postSolution
		SolutionGuid = {8466B085-F63B-4ABF-9427-E27B13BB323A}
	EndGlobalSection
EndGlobal
